
Microsoft Visual Studio Solution File, Format Version 12.00
# Visual Studio Version 17
VisualStudioVersion = 17.4.33110.190
MinimumVisualStudioVersion = 10.0.40219.1
Project("{FAE04EC0-301F-11D3-BF4B-00C04F79EFBC}") = "WindowsFormsAppPrincipal", "WindowsFormsAppPrincipal\WindowsFormsAppPrincipal.csproj", "{75D4F2CB-9E43-444F-9D00-BB663F7EBC91}"
EndProject
Project("{FAE04EC0-301F-11D3-BF4B-00C04F79EFBC}") = "Models", "Models\Models.csproj", "{C813E3D8-A772-4D16-82F8-A2CDA4806792}"
EndProject
Project("{FAE04EC0-301F-11D3-BF4B-00C04F79EFBC}") = "DAL", "DAL\DAL.csproj", "{0647165F-7D07-42C4-9B04-967ACC247C05}"
EndProject
Project("{FAE04EC0-301F-11D3-BF4B-00C04F79EFBC}") = "BLL", "BLL\BLL.csproj", "{4E63F26B-8082-4EA1-9A29-F5811EA0F12F}"
EndProject
Global
	GlobalSection(SolutionConfigurationPlatforms) = preSolution
		Debug|Any CPU = Debug|Any CPU
		Release|Any CPU = Release|Any CPU
	EndGlobalSection
	GlobalSection(ProjectConfigurationPlatforms) = postSolution
		{75D4F2CB-9E43-444F-9D00-BB663F7EBC91}.Debug|Any CPU.ActiveCfg = Debug|Any CPU
		{75D4F2CB-9E43-444F-9D00-BB663F7EBC91}.Debug|Any CPU.Build.0 = Debug|Any CPU
		{75D4F2CB-9E43-444F-9D00-BB663F7EBC91}.Release|Any CPU.ActiveCfg = Release|Any CPU
		{75D4F2CB-9E43-444F-9D00-BB663F7EBC91}.Release|Any CPU.Build.0 = Release|Any CPU
		{C813E3D8-A772-4D16-82F8-A2CDA4806792}.Debug|Any CPU.ActiveCfg = Debug|Any CPU
		{C813E3D8-A772-4D16-82F8-A2CDA4806792}.Debug|Any CPU.Build.0 = Debug|Any CPU
		{C813E3D8-A772-4D16-82F8-A2CDA4806792}.Release|Any CPU.ActiveCfg = Release|Any CPU
		{C813E3D8-A772-4D16-82F8-A2CDA4806792}.Release|Any CPU.Build.0 = Release|Any CPU
		{0647165F-7D07-42C4-9B04-967ACC247C05}.Debug|Any CPU.ActiveCfg = Debug|Any CPU
		{0647165F-7D07-42C4-9B04-967ACC247C05}.Debug|Any CPU.Build.0 = Debug|Any CPU
		{0647165F-7D07-42C4-9B04-967ACC247C05}.Release|Any CPU.ActiveCfg = Release|Any CPU
		{0647165F-7D07-42C4-9B04-967ACC247C05}.Release|Any CPU.Build.0 = Release|Any CPU
		{4E63F26B-8082-4EA1-9A29-F5811EA0F12F}.Debug|Any CPU.ActiveCfg = Debug|Any CPU
		{4E63F26B-8082-4EA1-9A29-F5811EA0F12F}.Debug|Any CPU.Build.0 = Debug|Any CPU
		{4E63F26B-8082-4EA1-9A29-F5811EA0F12F}.Release|Any CPU.ActiveCfg = Release|Any CPU
		{4E63F26B-8082-4EA1-9A29-F5811EA0F12F}.Release|Any CPU.Build.0 = Release|Any CPU
	EndGlobalSection
	GlobalSection(SolutionProperties) = preSolution
		HideSolutionNode = FALSE
	EndGlobalSection
	GlobalSection(ExtensibilityGlobals) = postSolution
		SolutionGuid = {847F3012-859F-45F9-A424-509E2925C56C}
	EndGlobalSection
EndGlobal
